
Microsoft Visual Studio Solution File, Format Version 12.00
# Visual Studio Version 17
VisualStudioVersion = 17.9.34701.34
MinimumVisualStudioVersion = 10.0.40219.1
Project("{FAE04EC0-301F-11D3-BF4B-00C04F79EFBC}") = "04.06.2024 taskhome", "04.06.2024 taskhome\04.06.2024 taskhome.csproj", "{4C5301C9-F2AE-40C1-AC5D-3CD89BBD3F0C}"
EndProject
Global
	GlobalSection(SolutionConfigurationPlatforms) = preSolution
		Debug|Any CPU = Debug|Any CPU
		Release|Any CPU = Release|Any CPU
	EndGlobalSection
	GlobalSection(ProjectConfigurationPlatforms) = postSolution
		{4C5301C9-F2AE-40C1-AC5D-3CD89BBD3F0C}.Debug|Any CPU.ActiveCfg = Debug|Any CPU
		{4C5301C9-F2AE-40C1-AC5D-3CD89BBD3F0C}.Debug|Any CPU.Build.0 = Debug|Any CPU
		{4C5301C9-F2AE-40C1-AC5D-3CD89BBD3F0C}.Release|Any CPU.ActiveCfg = Release|Any CPU
		{4C5301C9-F2AE-40C1-AC5D-3CD89BBD3F0C}.Release|Any CPU.Build.0 = Release|Any CPU
	EndGlobalSection
	GlobalSection(SolutionProperties) = preSolution
		HideSolutionNode = FALSE
	EndGlobalSection
	GlobalSection(ExtensibilityGlobals) = postSolution
		SolutionGuid = {43B253E8-F4B4-48AD-AD9A-2A3014B938A0}
	EndGlobalSection
EndGlobal
